
Microsoft Visual Studio Solution File, Format Version 12.00
# Visual Studio Version 16
VisualStudioVersion = 16.0.33214.272
MinimumVisualStudioVersion = 10.0.40219.1
Project("{FAE04EC0-301F-11D3-BF4B-00C04F79EFBC}") = "presentacion", "presentacion\presentacion.csproj", "{C02AA311-3D37-42E8-9322-DAAD48A30AD3}"
EndProject
Project("{FAE04EC0-301F-11D3-BF4B-00C04F79EFBC}") = "dominio", "dominio\dominio.csproj", "{20492CFF-ADF4-462F-B8A9-80FABEFBFD03}"
EndProject
Project("{FAE04EC0-301F-11D3-BF4B-00C04F79EFBC}") = "negocio", "negocio\negocio.csproj", "{A7121886-8051-470B-86FA-2A8713C04424}"
EndProject
Global
	GlobalSection(SolutionConfigurationPlatforms) = preSolution
		Debug|Any CPU = Debug|Any CPU
		Release|Any CPU = Release|Any CPU
	EndGlobalSection
	GlobalSection(ProjectConfigurationPlatforms) = postSolution
		{C02AA311-3D37-42E8-9322-DAAD48A30AD3}.Debug|Any CPU.ActiveCfg = Debug|Any CPU
		{C02AA311-3D37-42E8-9322-DAAD48A30AD3}.Debug|Any CPU.Build.0 = Debug|Any CPU
		{C02AA311-3D37-42E8-9322-DAAD48A30AD3}.Release|Any CPU.ActiveCfg = Release|Any CPU
		{C02AA311-3D37-42E8-9322-DAAD48A30AD3}.Release|Any CPU.Build.0 = Release|Any CPU
		{20492CFF-ADF4-462F-B8A9-80FABEFBFD03}.Debug|Any CPU.ActiveCfg = Debug|Any CPU
		{20492CFF-ADF4-462F-B8A9-80FABEFBFD03}.Debug|Any CPU.Build.0 = Debug|Any CPU
		{20492CFF-ADF4-462F-B8A9-80FABEFBFD03}.Release|Any CPU.ActiveCfg = Release|Any CPU
		{20492CFF-ADF4-462F-B8A9-80FABEFBFD03}.Release|Any CPU.Build.0 = Release|Any CPU
		{A7121886-8051-470B-86FA-2A8713C04424}.Debug|Any CPU.ActiveCfg = Debug|Any CPU
		{A7121886-8051-470B-86FA-2A8713C04424}.Debug|Any CPU.Build.0 = Debug|Any CPU
		{A7121886-8051-470B-86FA-2A8713C04424}.Release|Any CPU.ActiveCfg = Release|Any CPU
		{A7121886-8051-470B-86FA-2A8713C04424}.Release|Any CPU.Build.0 = Release|Any CPU
	EndGlobalSection
	GlobalSection(SolutionProperties) = preSolution
		HideSolutionNode = FALSE
	EndGlobalSection
	GlobalSection(ExtensibilityGlobals) = postSolution
		SolutionGuid = {B1481F9D-D761-4D56-B5AB-11527E18DFE4}
	EndGlobalSection
EndGlobal
